
Microsoft Visual Studio Solution File, Format Version 12.00
# Visual Studio 2012
Project("{FAE04EC0-301F-11D3-BF4B-00C04F79EFBC}") = "Task1", "Task1\Task1.csproj", "{50F7D8D2-B377-47B6-8FE3-425123E29DB9}"
EndProject
Project("{FAE04EC0-301F-11D3-BF4B-00C04F79EFBC}") = "Task1.Test", "Task1.Test\Task1.Test.csproj", "{B73C15BC-A4C3-4AF3-BC98-8F9F68DCCCAF}"
EndProject
Global
	GlobalSection(SolutionConfigurationPlatforms) = preSolution
		Debug|Any CPU = Debug|Any CPU
		Release|Any CPU = Release|Any CPU
	EndGlobalSection
	GlobalSection(ProjectConfigurationPlatforms) = postSolution
		{50F7D8D2-B377-47B6-8FE3-425123E29DB9}.Debug|Any CPU.ActiveCfg = Debug|Any CPU
		{50F7D8D2-B377-47B6-8FE3-425123E29DB9}.Debug|Any CPU.Build.0 = Debug|Any CPU
		{50F7D8D2-B377-47B6-8FE3-425123E29DB9}.Release|Any CPU.ActiveCfg = Release|Any CPU
		{50F7D8D2-B377-47B6-8FE3-425123E29DB9}.Release|Any CPU.Build.0 = Release|Any CPU
		{B73C15BC-A4C3-4AF3-BC98-8F9F68DCCCAF}.Debug|Any CPU.ActiveCfg = Debug|Any CPU
		{B73C15BC-A4C3-4AF3-BC98-8F9F68DCCCAF}.Debug|Any CPU.Build.0 = Debug|Any CPU
		{B73C15BC-A4C3-4AF3-BC98-8F9F68DCCCAF}.Release|Any CPU.ActiveCfg = Release|Any CPU
		{B73C15BC-A4C3-4AF3-BC98-8F9F68DCCCAF}.Release|Any CPU.Build.0 = Release|Any CPU
	EndGlobalSection
	GlobalSection(SolutionProperties) = preSolution
		HideSolutionNode = FALSE
	EndGlobalSection
EndGlobal
