
Microsoft Visual Studio Solution File, Format Version 12.00
# Visual Studio 2012
Project("{FAE04EC0-301F-11D3-BF4B-00C04F79EFBC}") = "Task1", "Task1\Task1.csproj", "{50F7D8D2-B377-47B6-8FE3-425123E29DB9}"
EndProject
Project("{FAE04EC0-301F-11D3-BF4B-00C04F79EFBC}") = "UnitTestProject1", "UnitTestProject1\UnitTestProject1.csproj", "{8FEE6AD8-0AF0-4FBD-A254-962C83C8EBF4}"
EndProject
Global
	GlobalSection(SolutionConfigurationPlatforms) = preSolution
		Debug|Any CPU = Debug|Any CPU
		Release|Any CPU = Release|Any CPU
	EndGlobalSection
	GlobalSection(ProjectConfigurationPlatforms) = postSolution
		{50F7D8D2-B377-47B6-8FE3-425123E29DB9}.Debug|Any CPU.ActiveCfg = Debug|Any CPU
		{50F7D8D2-B377-47B6-8FE3-425123E29DB9}.Debug|Any CPU.Build.0 = Debug|Any CPU
		{50F7D8D2-B377-47B6-8FE3-425123E29DB9}.Release|Any CPU.ActiveCfg = Release|Any CPU
		{50F7D8D2-B377-47B6-8FE3-425123E29DB9}.Release|Any CPU.Build.0 = Release|Any CPU
		{8FEE6AD8-0AF0-4FBD-A254-962C83C8EBF4}.Debug|Any CPU.ActiveCfg = Debug|Any CPU
		{8FEE6AD8-0AF0-4FBD-A254-962C83C8EBF4}.Debug|Any CPU.Build.0 = Debug|Any CPU
		{8FEE6AD8-0AF0-4FBD-A254-962C83C8EBF4}.Release|Any CPU.ActiveCfg = Release|Any CPU
		{8FEE6AD8-0AF0-4FBD-A254-962C83C8EBF4}.Release|Any CPU.Build.0 = Release|Any CPU
	EndGlobalSection
	GlobalSection(SolutionProperties) = preSolution
		HideSolutionNode = FALSE
	EndGlobalSection
EndGlobal
