
Microsoft Visual Studio Solution File, Format Version 12.00
# Visual Studio 2012
Project("{2150E333-8FDC-42A3-9474-1A3956D46DE8}") = "Solution Items", "Solution Items", "{66D36B46-2063-4D10-BAE8-CA8284394E08}"
	ProjectSection(SolutionItems) = preProject
		Local.testsettings = Local.testsettings
		Task2.vsmdi = Task2.vsmdi
		TraceAndTestImpact.testsettings = TraceAndTestImpact.testsettings
	EndProjectSection
EndProject
Project("{FAE04EC0-301F-11D3-BF4B-00C04F79EFBC}") = "Task2", "Task2\Task2.csproj", "{F2DF4E86-B4C7-4552-A48E-5B1D466DA73A}"
EndProject
Project("{FAE04EC0-301F-11D3-BF4B-00C04F79EFBC}") = "ObjectMap", "ObjectMap\ObjectMap.csproj", "{DD4FF961-8B26-4D28-A3FD-EAD885640E1C}"
EndProject
Project("{FAE04EC0-301F-11D3-BF4B-00C04F79EFBC}") = "Serializer", "Serializer\Serializer.csproj", "{D2E5FC4E-0F1E-45A4-B05A-687377B41B80}"
EndProject
Global
	GlobalSection(TestCaseManagementSettings) = postSolution
		CategoryFile = Task2.vsmdi
	EndGlobalSection
	GlobalSection(SolutionConfigurationPlatforms) = preSolution
		Debug|Any CPU = Debug|Any CPU
		Release|Any CPU = Release|Any CPU
	EndGlobalSection
	GlobalSection(ProjectConfigurationPlatforms) = postSolution
		{F2DF4E86-B4C7-4552-A48E-5B1D466DA73A}.Debug|Any CPU.ActiveCfg = Debug|Any CPU
		{F2DF4E86-B4C7-4552-A48E-5B1D466DA73A}.Debug|Any CPU.Build.0 = Debug|Any CPU
		{F2DF4E86-B4C7-4552-A48E-5B1D466DA73A}.Release|Any CPU.ActiveCfg = Release|Any CPU
		{F2DF4E86-B4C7-4552-A48E-5B1D466DA73A}.Release|Any CPU.Build.0 = Release|Any CPU
		{DD4FF961-8B26-4D28-A3FD-EAD885640E1C}.Debug|Any CPU.ActiveCfg = Debug|Any CPU
		{DD4FF961-8B26-4D28-A3FD-EAD885640E1C}.Debug|Any CPU.Build.0 = Debug|Any CPU
		{DD4FF961-8B26-4D28-A3FD-EAD885640E1C}.Release|Any CPU.ActiveCfg = Release|Any CPU
		{DD4FF961-8B26-4D28-A3FD-EAD885640E1C}.Release|Any CPU.Build.0 = Release|Any CPU
		{D2E5FC4E-0F1E-45A4-B05A-687377B41B80}.Debug|Any CPU.ActiveCfg = Debug|Any CPU
		{D2E5FC4E-0F1E-45A4-B05A-687377B41B80}.Debug|Any CPU.Build.0 = Debug|Any CPU
		{D2E5FC4E-0F1E-45A4-B05A-687377B41B80}.Release|Any CPU.ActiveCfg = Release|Any CPU
		{D2E5FC4E-0F1E-45A4-B05A-687377B41B80}.Release|Any CPU.Build.0 = Release|Any CPU
	EndGlobalSection
	GlobalSection(SolutionProperties) = preSolution
		HideSolutionNode = FALSE
	EndGlobalSection
EndGlobal
